
Microsoft Visual Studio Solution File, Format Version 12.00
# Visual Studio Version 17
VisualStudioVersion = 17.3.32825.248
MinimumVisualStudioVersion = 10.0.40219.1
Project("{9A19103F-16F7-4668-BE54-9A1E7A4F7556}") = "G44_ToDo_Basel_Alexis_Aladdin", "G44_ToDo_Basel_Aladdin\G44_ToDo_Basel_Alexis_Aladdin.csproj", "{349A45A7-F259-4921-AC55-C1DDE439FA7E}"
EndProject
Global
	GlobalSection(SolutionConfigurationPlatforms) = preSolution
		Debug|Any CPU = Debug|Any CPU
		Release|Any CPU = Release|Any CPU
	EndGlobalSection
	GlobalSection(ProjectConfigurationPlatforms) = postSolution
		{349A45A7-F259-4921-AC55-C1DDE439FA7E}.Debug|Any CPU.ActiveCfg = Debug|Any CPU
		{349A45A7-F259-4921-AC55-C1DDE439FA7E}.Debug|Any CPU.Build.0 = Debug|Any CPU
		{349A45A7-F259-4921-AC55-C1DDE439FA7E}.Release|Any CPU.ActiveCfg = Release|Any CPU
		{349A45A7-F259-4921-AC55-C1DDE439FA7E}.Release|Any CPU.Build.0 = Release|Any CPU
	EndGlobalSection
	GlobalSection(SolutionProperties) = preSolution
		HideSolutionNode = FALSE
	EndGlobalSection
	GlobalSection(ExtensibilityGlobals) = postSolution
		SolutionGuid = {D0A8B103-67E9-4130-B62C-1C75B5CD3B17}
	EndGlobalSection
EndGlobal
